// !$*UTF8*$!
{
	archiveVersion = 1;
	classes = {
	};
	objectVersion = 77;
	objects = {

/* Begin PBXBuildFile section */
		06D9B7D04C940870DA13C8E9 /* SettingsView.swift in Sources */ = {isa = PBXBuildFile; fileRef = 8BD4050889C2AD09C3EDFA81 /* SettingsView.swift */; };
		07500C50F7DA0F40869781DE /* StateNotificationService.appex in Embed Foundation Extensions */ = {isa = PBXBuildFile; fileRef = D5A01D884A344E691753D3C4 /* StateNotificationService.appex */; settings = {ATTRIBUTES = (RemoveHeadersOnCopy, ); }; };
		0EC25D57FC4F6CF2D6FA9FF8 /* SyncEngineTests.swift in Sources */ = {isa = PBXBuildFile; fileRef = EEA74FBAC0A4D8299F73D22A /* SyncEngineTests.swift */; };
		119FEB1330F4F2CF49FC1B19 /* PushEnvelopeTests.swift in Sources */ = {isa = PBXBuildFile; fileRef = 8E9E35C98AD7FCDC965ADA7C /* PushEnvelopeTests.swift */; };
		16B7841A2AD057191FD575E2 /* UUIDv7Tests.swift in Sources */ = {isa = PBXBuildFile; fileRef = A53151A5538CF22AA06C2F59 /* UUIDv7Tests.swift */; };
		17D74956B8F952DD3161515D /* PushEnvelope.swift in Sources */ = {isa = PBXBuildFile; fileRef = 8C3FF11D16348C43C9D86F1D /* PushEnvelope.swift */; };
		24AB9ED657748C538A145AD3 /* SharedKeychain.swift in Sources */ = {isa = PBXBuildFile; fileRef = 525378143D0F69591632200B /* SharedKeychain.swift */; };
		2D12E5CAAC48135B1DEAB66B /* StateApp.swift in Sources */ = {isa = PBXBuildFile; fileRef = 00EBED32EA6304F9ADF2D84B /* StateApp.swift */; };
		35CF6489A313E355ED2711FB /* InfoPlist.strings in Resources */ = {isa = PBXBuildFile; fileRef = 5457F1BB657C0C37A60A3676 /* InfoPlist.strings */; };
		40969094DFE641A03E1CA239 /* SessionRepository.swift in Sources */ = {isa = PBXBuildFile; fileRef = ED80418839D065D0FCB106DD /* SessionRepository.swift */; };
		46F34D35BD3072605534E920 /* SharedKeychain.swift in Sources */ = {isa = PBXBuildFile; fileRef = 525378143D0F69591632200B /* SharedKeychain.swift */; };
		479055869CC0FC054779E56E /* PrivacyInfo.xcprivacy in Resources */ = {isa = PBXBuildFile; fileRef = 8E6B844029635B1CC04B9E40 /* PrivacyInfo.xcprivacy */; };
		5038B093F736157AE986F748 /* APIClient.swift in Sources */ = {isa = PBXBuildFile; fileRef = B260373D5854890462B580B1 /* APIClient.swift */; };
		56E28BB30E886ACDC0A34484 /* SyncEngine.swift in Sources */ = {isa = PBXBuildFile; fileRef = C8A95BED5A46CC435F7A6B7E /* SyncEngine.swift */; };
		61B3DC6AFE76B63F8BE3F55D /* HarnessCatalog.swift in Sources */ = {isa = PBXBuildFile; fileRef = 67F45C19CFDD1BE98ECD5882 /* HarnessCatalog.swift */; };
		61E352C20C59C014B9B5A130 /* StateRootView.swift in Sources */ = {isa = PBXBuildFile; fileRef = 44D6CC896460A70110EF5362 /* StateRootView.swift */; };
		656A443223F52DA2BFC071CF /* StateDatabase.swift in Sources */ = {isa = PBXBuildFile; fileRef = 95434DB52CE79EC0ACBCA873 /* StateDatabase.swift */; };
		657BE7BC07589A53E444F263 /* PushEnvelope.swift in Sources */ = {isa = PBXBuildFile; fileRef = 8C3FF11D16348C43C9D86F1D /* PushEnvelope.swift */; };
		698C557C9964F3DE324750C3 /* Assets.xcassets in Resources */ = {isa = PBXBuildFile; fileRef = CBB0341B714371E25C8C921C /* Assets.xcassets */; };
		739F03ABE01C34B752EFC4AF /* ReminderDetailView.swift in Sources */ = {isa = PBXBuildFile; fileRef = E0B2B6204A2A5749FD6D9286 /* ReminderDetailView.swift */; };
		73AB7CBB0C637AC111FA698A /* UUIDv7.swift in Sources */ = {isa = PBXBuildFile; fileRef = 596270393A6CEA01AD29FA15 /* UUIDv7.swift */; };
		775F148622CD9D765C1976C9 /* GRDB in Frameworks */ = {isa = PBXBuildFile; productRef = 306A7C2E5B307C14A82FC318 /* GRDB */; };
		8E0C1182D2046BF405D62292 /* SnapshotHelper.swift in Sources */ = {isa = PBXBuildFile; fileRef = D12289CA407B35AD8F259EAF /* SnapshotHelper.swift */; };
		931130E49387A21ECA23A92F /* StateTheme.swift in Sources */ = {isa = PBXBuildFile; fileRef = 018038764FE0FC5AA2A1718D /* StateTheme.swift */; };
		96FDC642DAF2CB21D922A85C /* NotificationCoordinator.swift in Sources */ = {isa = PBXBuildFile; fileRef = 37E22432DA6BAAD47D855756 /* NotificationCoordinator.swift */; };
		A963E01C464A6B13F1742981 /* Models.swift in Sources */ = {isa = PBXBuildFile; fileRef = E5DC5696C6332BF15523978F /* Models.swift */; };
		AC816DB6CC17F748F4D10A1D /* PushRegistrationService.swift in Sources */ = {isa = PBXBuildFile; fileRef = A7761E726011D22475832A98 /* PushRegistrationService.swift */; };
		BD398F99C8710A54B8CB7270 /* AppModel.swift in Sources */ = {isa = PBXBuildFile; fileRef = 7F808B6F2B8A329996C25508 /* AppModel.swift */; };
		BFC44BF26E2878133DBAB89F /* OnboardingView.swift in Sources */ = {isa = PBXBuildFile; fileRef = 49E24CB265A5E0785289B0DB /* OnboardingView.swift */; };
		C10D681C9E4FCC0C231CE373 /* HarnessCatalogTests.swift in Sources */ = {isa = PBXBuildFile; fileRef = 0D06FBE82110384711CA15F1 /* HarnessCatalogTests.swift */; };
		CEC16552BAB58CE1347A6132 /* GRDB in Frameworks */ = {isa = PBXBuildFile; productRef = 78A5CF91662D6EEDD28F9B1E /* GRDB */; };
		E1D6F26BE43800FFF44F5652 /* MainTabView.swift in Sources */ = {isa = PBXBuildFile; fileRef = 7BBB357F0392F998BB99044C /* MainTabView.swift */; };
		EB0B572FBA71649C79BFBF29 /* StateScreenshots.swift in Sources */ = {isa = PBXBuildFile; fileRef = C27E6B9D51CED9A367DD60F3 /* StateScreenshots.swift */; };
		EB8F3CB0F95C4824D5230DE8 /* StateAppDelegate.swift in Sources */ = {isa = PBXBuildFile; fileRef = 3BDAFF6318988EE63851DFD1 /* StateAppDelegate.swift */; };
		F09EC862041F195F8EA4F4CC /* ExecutionModelTests.swift in Sources */ = {isa = PBXBuildFile; fileRef = B6BA0685CDCD6EEFC45E2381 /* ExecutionModelTests.swift */; };
		F0AB0F334034910139CA33AD /* ActivityView.swift in Sources */ = {isa = PBXBuildFile; fileRef = 5FA25B43007EB3C718B4BD00 /* ActivityView.swift */; };
		F3797EC1F58849DCED8E95D6 /* Localizable.xcstrings in Resources */ = {isa = PBXBuildFile; fileRef = 2E09C1F897A91393A521BAED /* Localizable.xcstrings */; };
		F5344EA7424A8AB3FDB3D185 /* ReminderEditorView.swift in Sources */ = {isa = PBXBuildFile; fileRef = C84F67F48E8E4FD028AC4060 /* ReminderEditorView.swift */; };
		F624CB13CFF06570A79128A3 /* DatabaseTests.swift in Sources */ = {isa = PBXBuildFile; fileRef = B330D47D344AF973FD64CD46 /* DatabaseTests.swift */; };
		F8423B6955E1B3CD9DCF7729 /* NotificationService.swift in Sources */ = {isa = PBXBuildFile; fileRef = DD9AACF1D0B18231F274E0E2 /* NotificationService.swift */; };
/* End PBXBuildFile section */

/* Begin PBXContainerItemProxy section */
		0705DAD450BD454749E017F8 /* PBXContainerItemProxy */ = {
			isa = PBXContainerItemProxy;
			containerPortal = AC3EFDC2F8ABFB2ECAA5ED89 /* Project object */;
			proxyType = 1;
			remoteGlobalIDString = A31F44AD2B9EF39062710886;
			remoteInfo = State;
		};
		5C3CFE0EA526EAE1D0DFC7D7 /* PBXContainerItemProxy */ = {
			isa = PBXContainerItemProxy;
			containerPortal = AC3EFDC2F8ABFB2ECAA5ED89 /* Project object */;
			proxyType = 1;
			remoteGlobalIDString = 7F59B830B2D765957446D063;
			remoteInfo = StateNotificationService;
		};
		8D8A704D5303A0651E9752D4 /* PBXContainerItemProxy */ = {
			isa = PBXContainerItemProxy;
			containerPortal = AC3EFDC2F8ABFB2ECAA5ED89 /* Project object */;
			proxyType = 1;
			remoteGlobalIDString = A31F44AD2B9EF39062710886;
			remoteInfo = State;
		};
/* End PBXContainerItemProxy section */

/* Begin PBXCopyFilesBuildPhase section */
		1401A6EE063416067299625A /* Embed Foundation Extensions */ = {
			isa = PBXCopyFilesBuildPhase;
			buildActionMask = 2147483647;
			dstPath = "";
			dstSubfolderSpec = 13;
			files = (
				07500C50F7DA0F40869781DE /* StateNotificationService.appex in Embed Foundation Extensions */,
			);
			name = "Embed Foundation Extensions";
			runOnlyForDeploymentPostprocessing = 0;
		};
/* End PBXCopyFilesBuildPhase section */

/* Begin PBXFileReference section */
		00EBED32EA6304F9ADF2D84B /* StateApp.swift */ = {isa = PBXFileReference; lastKnownFileType = sourcecode.swift; path = StateApp.swift; sourceTree = "<group>"; };
		018038764FE0FC5AA2A1718D /* StateTheme.swift */ = {isa = PBXFileReference; lastKnownFileType = sourcecode.swift; path = StateTheme.swift; sourceTree = "<group>"; };
		0D06FBE82110384711CA15F1 /* HarnessCatalogTests.swift */ = {isa = PBXFileReference; lastKnownFileType = sourcecode.swift; path = HarnessCatalogTests.swift; sourceTree = "<group>"; };
		2E09C1F897A91393A521BAED /* Localizable.xcstrings */ = {isa = PBXFileReference; lastKnownFileType = text.json.xcstrings; path = Localizable.xcstrings; sourceTree = "<group>"; };
		37E22432DA6BAAD47D855756 /* NotificationCoordinator.swift */ = {isa = PBXFileReference; lastKnownFileType = sourcecode.swift; path = NotificationCoordinator.swift; sourceTree = "<group>"; };
		3BDAFF6318988EE63851DFD1 /* StateAppDelegate.swift */ = {isa = PBXFileReference; lastKnownFileType = sourcecode.swift; path = StateAppDelegate.swift; sourceTree = "<group>"; };
		44D6CC896460A70110EF5362 /* StateRootView.swift */ = {isa = PBXFileReference; lastKnownFileType = sourcecode.swift; path = StateRootView.swift; sourceTree = "<group>"; };
		49E24CB265A5E0785289B0DB /* OnboardingView.swift */ = {isa = PBXFileReference; lastKnownFileType = sourcecode.swift; path = OnboardingView.swift; sourceTree = "<group>"; };
		525378143D0F69591632200B /* SharedKeychain.swift */ = {isa = PBXFileReference; lastKnownFileType = sourcecode.swift; path = SharedKeychain.swift; sourceTree = "<group>"; };
		596270393A6CEA01AD29FA15 /* UUIDv7.swift */ = {isa = PBXFileReference; lastKnownFileType = sourcecode.swift; path = UUIDv7.swift; sourceTree = "<group>"; };
		5FA25B43007EB3C718B4BD00 /* ActivityView.swift */ = {isa = PBXFileReference; lastKnownFileType = sourcecode.swift; path = ActivityView.swift; sourceTree = "<group>"; };
		6395893E6E8D9F4870E9D30C /* StateTests.xctest */ = {isa = PBXFileReference; includeInIndex = 0; lastKnownFileType = wrapper.cfbundle; path = StateTests.xctest; sourceTree = BUILT_PRODUCTS_DIR; };
		67F45C19CFDD1BE98ECD5882 /* HarnessCatalog.swift */ = {isa = PBXFileReference; lastKnownFileType = sourcecode.swift; path = HarnessCatalog.swift; sourceTree = "<group>"; };
		7BBB357F0392F998BB99044C /* MainTabView.swift */ = {isa = PBXFileReference; lastKnownFileType = sourcecode.swift; path = MainTabView.swift; sourceTree = "<group>"; };
		7F808B6F2B8A329996C25508 /* AppModel.swift */ = {isa = PBXFileReference; lastKnownFileType = sourcecode.swift; path = AppModel.swift; sourceTree = "<group>"; };
		8BD4050889C2AD09C3EDFA81 /* SettingsView.swift */ = {isa = PBXFileReference; lastKnownFileType = sourcecode.swift; path = SettingsView.swift; sourceTree = "<group>"; };
		8C3FF11D16348C43C9D86F1D /* PushEnvelope.swift */ = {isa = PBXFileReference; lastKnownFileType = sourcecode.swift; path = PushEnvelope.swift; sourceTree = "<group>"; };
		8E6B844029635B1CC04B9E40 /* PrivacyInfo.xcprivacy */ = {isa = PBXFileReference; path = PrivacyInfo.xcprivacy; sourceTree = "<group>"; };
		8E9E35C98AD7FCDC965ADA7C /* PushEnvelopeTests.swift */ = {isa = PBXFileReference; lastKnownFileType = sourcecode.swift; path = PushEnvelopeTests.swift; sourceTree = "<group>"; };
		935830B8F2C2878AE68984B0 /* State.app */ = {isa = PBXFileReference; includeInIndex = 0; lastKnownFileType = wrapper.application; path = State.app; sourceTree = BUILT_PRODUCTS_DIR; };
		95434DB52CE79EC0ACBCA873 /* StateDatabase.swift */ = {isa = PBXFileReference; lastKnownFileType = sourcecode.swift; path = StateDatabase.swift; sourceTree = "<group>"; };
		9E1EDE45CB4D909427D3FA61 /* StateUITests.xctest */ = {isa = PBXFileReference; includeInIndex = 0; lastKnownFileType = wrapper.cfbundle; path = StateUITests.xctest; sourceTree = BUILT_PRODUCTS_DIR; };
		A53151A5538CF22AA06C2F59 /* UUIDv7Tests.swift */ = {isa = PBXFileReference; lastKnownFileType = sourcecode.swift; path = UUIDv7Tests.swift; sourceTree = "<group>"; };
		A7761E726011D22475832A98 /* PushRegistrationService.swift */ = {isa = PBXFileReference; lastKnownFileType = sourcecode.swift; path = PushRegistrationService.swift; sourceTree = "<group>"; };
		B260373D5854890462B580B1 /* APIClient.swift */ = {isa = PBXFileReference; lastKnownFileType = sourcecode.swift; path = APIClient.swift; sourceTree = "<group>"; };
		B330D47D344AF973FD64CD46 /* DatabaseTests.swift */ = {isa = PBXFileReference; lastKnownFileType = sourcecode.swift; path = DatabaseTests.swift; sourceTree = "<group>"; };
		B6BA0685CDCD6EEFC45E2381 /* ExecutionModelTests.swift */ = {isa = PBXFileReference; lastKnownFileType = sourcecode.swift; path = ExecutionModelTests.swift; sourceTree = "<group>"; };
		C27E6B9D51CED9A367DD60F3 /* StateScreenshots.swift */ = {isa = PBXFileReference; lastKnownFileType = sourcecode.swift; path = StateScreenshots.swift; sourceTree = "<group>"; };
		C84F67F48E8E4FD028AC4060 /* ReminderEditorView.swift */ = {isa = PBXFileReference; lastKnownFileType = sourcecode.swift; path = ReminderEditorView.swift; sourceTree = "<group>"; };
		C8A95BED5A46CC435F7A6B7E /* SyncEngine.swift */ = {isa = PBXFileReference; lastKnownFileType = sourcecode.swift; path = SyncEngine.swift; sourceTree = "<group>"; };
		CBB0341B714371E25C8C921C /* Assets.xcassets */ = {isa = PBXFileReference; lastKnownFileType = folder.assetcatalog; path = Assets.xcassets; sourceTree = "<group>"; };
		D12289CA407B35AD8F259EAF /* SnapshotHelper.swift */ = {isa = PBXFileReference; lastKnownFileType = sourcecode.swift; path = SnapshotHelper.swift; sourceTree = "<group>"; };
		D3A4611615399EA937D0D959 /* en */ = {isa = PBXFileReference; lastKnownFileType = text.plist.strings; name = en; path = en.lproj/InfoPlist.strings; sourceTree = "<group>"; };
		D5A01D884A344E691753D3C4 /* StateNotificationService.appex */ = {isa = PBXFileReference; includeInIndex = 0; lastKnownFileType = "wrapper.app-extension"; path = StateNotificationService.appex; sourceTree = BUILT_PRODUCTS_DIR; };
		DD9AACF1D0B18231F274E0E2 /* NotificationService.swift */ = {isa = PBXFileReference; lastKnownFileType = sourcecode.swift; path = NotificationService.swift; sourceTree = "<group>"; };
		E0B2B6204A2A5749FD6D9286 /* ReminderDetailView.swift */ = {isa = PBXFileReference; lastKnownFileType = sourcecode.swift; path = ReminderDetailView.swift; sourceTree = "<group>"; };
		E5DC5696C6332BF15523978F /* Models.swift */ = {isa = PBXFileReference; lastKnownFileType = sourcecode.swift; path = Models.swift; sourceTree = "<group>"; };
		ED80418839D065D0FCB106DD /* SessionRepository.swift */ = {isa = PBXFileReference; lastKnownFileType = sourcecode.swift; path = SessionRepository.swift; sourceTree = "<group>"; };
		EEA74FBAC0A4D8299F73D22A /* SyncEngineTests.swift */ = {isa = PBXFileReference; lastKnownFileType = sourcecode.swift; path = SyncEngineTests.swift; sourceTree = "<group>"; };
		F8F8A5EC9BA2EEE8E52DACAA /* de */ = {isa = PBXFileReference; lastKnownFileType = text.plist.strings; name = de; path = de.lproj/InfoPlist.strings; sourceTree = "<group>"; };
/* End PBXFileReference section */

/* Begin PBXFrameworksBuildPhase section */
		AE65ED947F0365390956E907 /* Frameworks */ = {
			isa = PBXFrameworksBuildPhase;
			buildActionMask = 2147483647;
			files = (
				775F148622CD9D765C1976C9 /* GRDB in Frameworks */,
			);
			runOnlyForDeploymentPostprocessing = 0;
		};
		BF9F980FB45DAC4250C7A3B6 /* Frameworks */ = {
			isa = PBXFrameworksBuildPhase;
			buildActionMask = 2147483647;
			files = (
				CEC16552BAB58CE1347A6132 /* GRDB in Frameworks */,
			);
			runOnlyForDeploymentPostprocessing = 0;
		};
/* End PBXFrameworksBuildPhase section */

/* Begin PBXGroup section */
		3BC773C05628BAE1ACE4408B /* UI */ = {
			isa = PBXGroup;
			children = (
				5FA25B43007EB3C718B4BD00 /* ActivityView.swift */,
				7BBB357F0392F998BB99044C /* MainTabView.swift */,
				49E24CB265A5E0785289B0DB /* OnboardingView.swift */,
				E0B2B6204A2A5749FD6D9286 /* ReminderDetailView.swift */,
				C84F67F48E8E4FD028AC4060 /* ReminderEditorView.swift */,
				8BD4050889C2AD09C3EDFA81 /* SettingsView.swift */,
				44D6CC896460A70110EF5362 /* StateRootView.swift */,
				018038764FE0FC5AA2A1718D /* StateTheme.swift */,
			);
			path = UI;
			sourceTree = "<group>";
		};
		3E848C3E096A88FE5D48B1E3 /* Products */ = {
			isa = PBXGroup;
			children = (
				935830B8F2C2878AE68984B0 /* State.app */,
				D5A01D884A344E691753D3C4 /* StateNotificationService.appex */,
				6395893E6E8D9F4870E9D30C /* StateTests.xctest */,
				9E1EDE45CB4D909427D3FA61 /* StateUITests.xctest */,
			);
			name = Products;
			sourceTree = "<group>";
		};
		4249F22F1B166DEBA82AFDF7 /* Models */ = {
			isa = PBXGroup;
			children = (
				67F45C19CFDD1BE98ECD5882 /* HarnessCatalog.swift */,
				E5DC5696C6332BF15523978F /* Models.swift */,
			);
			path = Models;
			sourceTree = "<group>";
		};
		48FC7B38F6E669A2415BD0F3 /* Networking */ = {
			isa = PBXGroup;
			children = (
				B260373D5854890462B580B1 /* APIClient.swift */,
			);
			path = Networking;
			sourceTree = "<group>";
		};
		4DF750B829D5A50F561D88CC /* StateTests */ = {
			isa = PBXGroup;
			children = (
				B330D47D344AF973FD64CD46 /* DatabaseTests.swift */,
				B6BA0685CDCD6EEFC45E2381 /* ExecutionModelTests.swift */,
				0D06FBE82110384711CA15F1 /* HarnessCatalogTests.swift */,
				8E9E35C98AD7FCDC965ADA7C /* PushEnvelopeTests.swift */,
				EEA74FBAC0A4D8299F73D22A /* SyncEngineTests.swift */,
				A53151A5538CF22AA06C2F59 /* UUIDv7Tests.swift */,
			);
			path = StateTests;
			sourceTree = "<group>";
		};
		5ACB6E37138DDD34DF21ED6F = {
			isa = PBXGroup;
			children = (
				AC341B854977381DE5E711E1 /* Resources */,
				A011D52B2C36417A65A28911 /* Sources */,
				D6483721DE883E90D54B6504 /* Sources */,
				4DF750B829D5A50F561D88CC /* StateTests */,
				77FCB614373C0CA16D582EF6 /* StateUITests */,
				3E848C3E096A88FE5D48B1E3 /* Products */,
			);
			sourceTree = "<group>";
		};
		5B5F73D340FF90BFE33B8DDC /* App */ = {
			isa = PBXGroup;
			children = (
				7F808B6F2B8A329996C25508 /* AppModel.swift */,
				00EBED32EA6304F9ADF2D84B /* StateApp.swift */,
			);
			path = App;
			sourceTree = "<group>";
		};
		77FCB614373C0CA16D582EF6 /* StateUITests */ = {
			isa = PBXGroup;
			children = (
				D12289CA407B35AD8F259EAF /* SnapshotHelper.swift */,
				C27E6B9D51CED9A367DD60F3 /* StateScreenshots.swift */,
			);
			path = StateUITests;
			sourceTree = "<group>";
		};
		94A6AAFA0C919A13FEFBA5BE /* Utilities */ = {
			isa = PBXGroup;
			children = (
				596270393A6CEA01AD29FA15 /* UUIDv7.swift */,
			);
			path = Utilities;
			sourceTree = "<group>";
		};
		97E76B2FEB7BBF7E2A94A7B2 /* Sync */ = {
			isa = PBXGroup;
			children = (
				C8A95BED5A46CC435F7A6B7E /* SyncEngine.swift */,
			);
			path = Sync;
			sourceTree = "<group>";
		};
		A011D52B2C36417A65A28911 /* Sources */ = {
			isa = PBXGroup;
			children = (
				5B5F73D340FF90BFE33B8DDC /* App */,
				B8F507C541DBFB3B78A211D0 /* Database */,
				4249F22F1B166DEBA82AFDF7 /* Models */,
				48FC7B38F6E669A2415BD0F3 /* Networking */,
				C330429BDFD098F87D6D15DD /* Notifications */,
				FC2F88254EBF6AE0BC8F1D05 /* Security */,
				B9627867BA4EA61E1560A618 /* Session */,
				97E76B2FEB7BBF7E2A94A7B2 /* Sync */,
				3BC773C05628BAE1ACE4408B /* UI */,
				94A6AAFA0C919A13FEFBA5BE /* Utilities */,
			);
			name = Sources;
			path = State/Sources;
			sourceTree = "<group>";
		};
		AC341B854977381DE5E711E1 /* Resources */ = {
			isa = PBXGroup;
			children = (
				5457F1BB657C0C37A60A3676 /* InfoPlist.strings */,
				CBB0341B714371E25C8C921C /* Assets.xcassets */,
				2E09C1F897A91393A521BAED /* Localizable.xcstrings */,
				8E6B844029635B1CC04B9E40 /* PrivacyInfo.xcprivacy */,
			);
			name = Resources;
			path = State/Resources;
			sourceTree = "<group>";
		};
		B8F507C541DBFB3B78A211D0 /* Database */ = {
			isa = PBXGroup;
			children = (
				95434DB52CE79EC0ACBCA873 /* StateDatabase.swift */,
			);
			path = Database;
			sourceTree = "<group>";
		};
		B9627867BA4EA61E1560A618 /* Session */ = {
			isa = PBXGroup;
			children = (
				ED80418839D065D0FCB106DD /* SessionRepository.swift */,
			);
			path = Session;
			sourceTree = "<group>";
		};
		C330429BDFD098F87D6D15DD /* Notifications */ = {
			isa = PBXGroup;
			children = (
				37E22432DA6BAAD47D855756 /* NotificationCoordinator.swift */,
				A7761E726011D22475832A98 /* PushRegistrationService.swift */,
				3BDAFF6318988EE63851DFD1 /* StateAppDelegate.swift */,
			);
			path = Notifications;
			sourceTree = "<group>";
		};
		D6483721DE883E90D54B6504 /* Sources */ = {
			isa = PBXGroup;
			children = (
				DD9AACF1D0B18231F274E0E2 /* NotificationService.swift */,
			);
			name = Sources;
			path = StateNotificationService/Sources;
			sourceTree = "<group>";
		};
		FC2F88254EBF6AE0BC8F1D05 /* Security */ = {
			isa = PBXGroup;
			children = (
				8C3FF11D16348C43C9D86F1D /* PushEnvelope.swift */,
				525378143D0F69591632200B /* SharedKeychain.swift */,
			);
			path = Security;
			sourceTree = "<group>";
		};
/* End PBXGroup section */

/* Begin PBXNativeTarget section */
		104EC70C7496741E7C0C2453 /* StateUITests */ = {
			isa = PBXNativeTarget;
			buildConfigurationList = CC5DAAA638E41899E20D5ACF /* Build configuration list for PBXNativeTarget "StateUITests" */;
			buildPhases = (
				2CF814C164A816558A928CBA /* Sources */,
			);
			buildRules = (
			);
			dependencies = (
				355BF505D18782D33A72D1F3 /* PBXTargetDependency */,
			);
			name = StateUITests;
			packageProductDependencies = (
			);
			productName = StateUITests;
			productReference = 9E1EDE45CB4D909427D3FA61 /* StateUITests.xctest */;
			productType = "com.apple.product-type.bundle.ui-testing";
		};
		7F59B830B2D765957446D063 /* StateNotificationService */ = {
			isa = PBXNativeTarget;
			buildConfigurationList = 8688554EB47C88464FF184D6 /* Build configuration list for PBXNativeTarget "StateNotificationService" */;
			buildPhases = (
				671A82FD408486AB1CD94FFC /* Sources */,
			);
			buildRules = (
			);
			dependencies = (
			);
			name = StateNotificationService;
			packageProductDependencies = (
			);
			productName = StateNotificationService;
			productReference = D5A01D884A344E691753D3C4 /* StateNotificationService.appex */;
			productType = "com.apple.product-type.app-extension";
		};
		818C0D50A4BC6F74CD2704EC /* StateTests */ = {
			isa = PBXNativeTarget;
			buildConfigurationList = 0AF006034B289407D4DC4373 /* Build configuration list for PBXNativeTarget "StateTests" */;
			buildPhases = (
				AB2B5D94C84E22E8CA4BEC31 /* Sources */,
				BF9F980FB45DAC4250C7A3B6 /* Frameworks */,
			);
			buildRules = (
			);
			dependencies = (
				1B71061AD51C50F383D8D438 /* PBXTargetDependency */,
			);
			name = StateTests;
			packageProductDependencies = (
				78A5CF91662D6EEDD28F9B1E /* GRDB */,
			);
			productName = StateTests;
			productReference = 6395893E6E8D9F4870E9D30C /* StateTests.xctest */;
			productType = "com.apple.product-type.bundle.unit-test";
		};
		A31F44AD2B9EF39062710886 /* State */ = {
			isa = PBXNativeTarget;
			buildConfigurationList = D7490C21C1E4F5E10A5BBDA7 /* Build configuration list for PBXNativeTarget "State" */;
			buildPhases = (
				40645C59AB8665F056ECD6CF /* Sources */,
				370B404B9DCAE40F653DE3C5 /* Resources */,
				AE65ED947F0365390956E907 /* Frameworks */,
				1401A6EE063416067299625A /* Embed Foundation Extensions */,
			);
			buildRules = (
			);
			dependencies = (
				C4EDA3122BCE463356CFD9D4 /* PBXTargetDependency */,
			);
			name = State;
			packageProductDependencies = (
				306A7C2E5B307C14A82FC318 /* GRDB */,
			);
			productName = State;
			productReference = 935830B8F2C2878AE68984B0 /* State.app */;
			productType = "com.apple.product-type.application";
		};
/* End PBXNativeTarget section */

/* Begin PBXProject section */
		AC3EFDC2F8ABFB2ECAA5ED89 /* Project object */ = {
			isa = PBXProject;
			attributes = {
				BuildIndependentTargetsInParallel = YES;
				LastUpgradeCheck = 2600;
				TargetAttributes = {
					104EC70C7496741E7C0C2453 = {
						DevelopmentTeam = 5DKU7FFK4X;
						TestTargetID = A31F44AD2B9EF39062710886;
					};
					7F59B830B2D765957446D063 = {
						DevelopmentTeam = 5DKU7FFK4X;
					};
					818C0D50A4BC6F74CD2704EC = {
						DevelopmentTeam = 5DKU7FFK4X;
					};
					A31F44AD2B9EF39062710886 = {
						DevelopmentTeam = 5DKU7FFK4X;
					};
				};
			};
			buildConfigurationList = CEAC81C3116B0AC5237A617C /* Build configuration list for PBXProject "State" */;
			developmentRegion = en;
			hasScannedForEncodings = 0;
			knownRegions = (
				Base,
				de,
				en,
			);
			mainGroup = 5ACB6E37138DDD34DF21ED6F;
			minimizedProjectReferenceProxies = 1;
			packageReferences = (
				DDBDEDB0262899E351BAD40A /* XCRemoteSwiftPackageReference "GRDB.swift" */,
			);
			preferredProjectObjectVersion = 77;
			productRefGroup = 3E848C3E096A88FE5D48B1E3 /* Products */;
			projectDirPath = "";
			projectRoot = "";
			targets = (
				A31F44AD2B9EF39062710886 /* State */,
				7F59B830B2D765957446D063 /* StateNotificationService */,
				818C0D50A4BC6F74CD2704EC /* StateTests */,
				104EC70C7496741E7C0C2453 /* StateUITests */,
			);
		};
/* End PBXProject section */

/* Begin PBXResourcesBuildPhase section */
		370B404B9DCAE40F653DE3C5 /* Resources */ = {
			isa = PBXResourcesBuildPhase;
			buildActionMask = 2147483647;
			files = (
				698C557C9964F3DE324750C3 /* Assets.xcassets in Resources */,
				35CF6489A313E355ED2711FB /* InfoPlist.strings in Resources */,
				F3797EC1F58849DCED8E95D6 /* Localizable.xcstrings in Resources */,
				479055869CC0FC054779E56E /* PrivacyInfo.xcprivacy in Resources */,
			);
			runOnlyForDeploymentPostprocessing = 0;
		};
/* End PBXResourcesBuildPhase section */

/* Begin PBXSourcesBuildPhase section */
		2CF814C164A816558A928CBA /* Sources */ = {
			isa = PBXSourcesBuildPhase;
			buildActionMask = 2147483647;
			files = (
				8E0C1182D2046BF405D62292 /* SnapshotHelper.swift in Sources */,
				EB0B572FBA71649C79BFBF29 /* StateScreenshots.swift in Sources */,
			);
			runOnlyForDeploymentPostprocessing = 0;
		};
		40645C59AB8665F056ECD6CF /* Sources */ = {
			isa = PBXSourcesBuildPhase;
			buildActionMask = 2147483647;
			files = (
				5038B093F736157AE986F748 /* APIClient.swift in Sources */,
				F0AB0F334034910139CA33AD /* ActivityView.swift in Sources */,
				BD398F99C8710A54B8CB7270 /* AppModel.swift in Sources */,
				61B3DC6AFE76B63F8BE3F55D /* HarnessCatalog.swift in Sources */,
				E1D6F26BE43800FFF44F5652 /* MainTabView.swift in Sources */,
				A963E01C464A6B13F1742981 /* Models.swift in Sources */,
				96FDC642DAF2CB21D922A85C /* NotificationCoordinator.swift in Sources */,
				BFC44BF26E2878133DBAB89F /* OnboardingView.swift in Sources */,
				657BE7BC07589A53E444F263 /* PushEnvelope.swift in Sources */,
				AC816DB6CC17F748F4D10A1D /* PushRegistrationService.swift in Sources */,
				739F03ABE01C34B752EFC4AF /* ReminderDetailView.swift in Sources */,
				F5344EA7424A8AB3FDB3D185 /* ReminderEditorView.swift in Sources */,
				40969094DFE641A03E1CA239 /* SessionRepository.swift in Sources */,
				06D9B7D04C940870DA13C8E9 /* SettingsView.swift in Sources */,
				24AB9ED657748C538A145AD3 /* SharedKeychain.swift in Sources */,
				2D12E5CAAC48135B1DEAB66B /* StateApp.swift in Sources */,
				EB8F3CB0F95C4824D5230DE8 /* StateAppDelegate.swift in Sources */,
				656A443223F52DA2BFC071CF /* StateDatabase.swift in Sources */,
				61E352C20C59C014B9B5A130 /* StateRootView.swift in Sources */,
				931130E49387A21ECA23A92F /* StateTheme.swift in Sources */,
				56E28BB30E886ACDC0A34484 /* SyncEngine.swift in Sources */,
				73AB7CBB0C637AC111FA698A /* UUIDv7.swift in Sources */,
			);
			runOnlyForDeploymentPostprocessing = 0;
		};
		671A82FD408486AB1CD94FFC /* Sources */ = {
			isa = PBXSourcesBuildPhase;
			buildActionMask = 2147483647;
			files = (
				F8423B6955E1B3CD9DCF7729 /* NotificationService.swift in Sources */,
				17D74956B8F952DD3161515D /* PushEnvelope.swift in Sources */,
				46F34D35BD3072605534E920 /* SharedKeychain.swift in Sources */,
			);
			runOnlyForDeploymentPostprocessing = 0;
		};
		AB2B5D94C84E22E8CA4BEC31 /* Sources */ = {
			isa = PBXSourcesBuildPhase;
			buildActionMask = 2147483647;
			files = (
				F624CB13CFF06570A79128A3 /* DatabaseTests.swift in Sources */,
				F09EC862041F195F8EA4F4CC /* ExecutionModelTests.swift in Sources */,
				C10D681C9E4FCC0C231CE373 /* HarnessCatalogTests.swift in Sources */,
				119FEB1330F4F2CF49FC1B19 /* PushEnvelopeTests.swift in Sources */,
				0EC25D57FC4F6CF2D6FA9FF8 /* SyncEngineTests.swift in Sources */,
				16B7841A2AD057191FD575E2 /* UUIDv7Tests.swift in Sources */,
			);
			runOnlyForDeploymentPostprocessing = 0;
		};
/* End PBXSourcesBuildPhase section */

/* Begin PBXTargetDependency section */
		1B71061AD51C50F383D8D438 /* PBXTargetDependency */ = {
			isa = PBXTargetDependency;
			target = A31F44AD2B9EF39062710886 /* State */;
			targetProxy = 0705DAD450BD454749E017F8 /* PBXContainerItemProxy */;
		};
		355BF505D18782D33A72D1F3 /* PBXTargetDependency */ = {
			isa = PBXTargetDependency;
			target = A31F44AD2B9EF39062710886 /* State */;
			targetProxy = 8D8A704D5303A0651E9752D4 /* PBXContainerItemProxy */;
		};
		C4EDA3122BCE463356CFD9D4 /* PBXTargetDependency */ = {
			isa = PBXTargetDependency;
			target = 7F59B830B2D765957446D063 /* StateNotificationService */;
			targetProxy = 5C3CFE0EA526EAE1D0DFC7D7 /* PBXContainerItemProxy */;
		};
/* End PBXTargetDependency section */

/* Begin PBXVariantGroup section */
		5457F1BB657C0C37A60A3676 /* InfoPlist.strings */ = {
			isa = PBXVariantGroup;
			children = (
				F8F8A5EC9BA2EEE8E52DACAA /* de */,
				D3A4611615399EA937D0D959 /* en */,
			);
			name = InfoPlist.strings;
			sourceTree = "<group>";
		};
/* End PBXVariantGroup section */

/* Begin XCBuildConfiguration section */
		0F5A3902B71242DB0DC63710 /* Debug */ = {
			isa = XCBuildConfiguration;
			buildSettings = {
				ALWAYS_SEARCH_USER_PATHS = NO;
				CLANG_ANALYZER_NONNULL = YES;
				CLANG_ANALYZER_NUMBER_OBJECT_CONVERSION = YES_AGGRESSIVE;
				CLANG_CXX_LANGUAGE_STANDARD = "gnu++14";
				CLANG_CXX_LIBRARY = "libc++";
				CLANG_ENABLE_MODULES = YES;
				CLANG_ENABLE_OBJC_ARC = YES;
				CLANG_ENABLE_OBJC_WEAK = YES;
				CLANG_WARN_BLOCK_CAPTURE_AUTORELEASING = YES;
				CLANG_WARN_BOOL_CONVERSION = YES;
				CLANG_WARN_COMMA = YES;
				CLANG_WARN_CONSTANT_CONVERSION = YES;
				CLANG_WARN_DEPRECATED_OBJC_IMPLEMENTATIONS = YES;
				CLANG_WARN_DIRECT_OBJC_ISA_USAGE = YES_ERROR;
				CLANG_WARN_DOCUMENTATION_COMMENTS = YES;
				CLANG_WARN_EMPTY_BODY = YES;
				CLANG_WARN_ENUM_CONVERSION = YES;
				CLANG_WARN_INFINITE_RECURSION = YES;
				CLANG_WARN_INT_CONVERSION = YES;
				CLANG_WARN_NON_LITERAL_NULL_CONVERSION = YES;
				CLANG_WARN_OBJC_IMPLICIT_RETAIN_SELF = YES;
				CLANG_WARN_OBJC_LITERAL_CONVERSION = YES;
				CLANG_WARN_OBJC_ROOT_CLASS = YES_ERROR;
				CLANG_WARN_QUOTED_INCLUDE_IN_FRAMEWORK_HEADER = YES;
				CLANG_WARN_RANGE_LOOP_ANALYSIS = YES;
				CLANG_WARN_STRICT_PROTOTYPES = YES;
				CLANG_WARN_SUSPICIOUS_MOVE = YES;
				CLANG_WARN_UNGUARDED_AVAILABILITY = YES_AGGRESSIVE;
				CLANG_WARN_UNREACHABLE_CODE = YES;
				CLANG_WARN__DUPLICATE_METHOD_MATCH = YES;
				COPY_PHASE_STRIP = NO;
				CURRENT_PROJECT_VERSION = 1;
				DEBUG_INFORMATION_FORMAT = dwarf;
				DEVELOPMENT_TEAM = 5DKU7FFK4X;
				ENABLE_STRICT_OBJC_MSGSEND = YES;
				ENABLE_TESTABILITY = YES;
				ENABLE_USER_SCRIPT_SANDBOXING = YES;
				GCC_C_LANGUAGE_STANDARD = gnu11;
				GCC_DYNAMIC_NO_PIC = NO;
				GCC_NO_COMMON_BLOCKS = YES;
				GCC_OPTIMIZATION_LEVEL = 0;
				GCC_PREPROCESSOR_DEFINITIONS = (
					"$(inherited)",
					"DEBUG=1",
				);
				GCC_WARN_64_TO_32_BIT_CONVERSION = YES;
				GCC_WARN_ABOUT_RETURN_TYPE = YES_ERROR;
				GCC_WARN_UNDECLARED_SELECTOR = YES;
				GCC_WARN_UNINITIALIZED_AUTOS = YES_AGGRESSIVE;
				GCC_WARN_UNUSED_FUNCTION = YES;
				GCC_WARN_UNUSED_VARIABLE = YES;
				GENERATE_INFOPLIST_FILE = NO;
				IPHONEOS_DEPLOYMENT_TARGET = 18.0;
				MARKETING_VERSION = 1.0.0;
				MTL_ENABLE_DEBUG_INFO = INCLUDE_SOURCE;
				MTL_FAST_MATH = YES;
				ONLY_ACTIVE_ARCH = YES;
				PRODUCT_NAME = "$(TARGET_NAME)";
				SDKROOT = iphoneos;
				SWIFT_ACTIVE_COMPILATION_CONDITIONS = DEBUG;
				SWIFT_OPTIMIZATION_LEVEL = "-Onone";
				SWIFT_STRICT_CONCURRENCY = complete;
				SWIFT_VERSION = 6.0;
			};
			name = Debug;
		};
		40FD3A1DDBDB34EE2D5B6B18 /* Release */ = {
			isa = XCBuildConfiguration;
			buildSettings = {
				ASSETCATALOG_COMPILER_APPICON_NAME = AppIcon;
				CODE_SIGN_ENTITLEMENTS = State/Supporting/State.entitlements;
				CODE_SIGN_IDENTITY = "iPhone Developer";
				INFOPLIST_FILE = State/Supporting/Info.plist;
				LD_RUNPATH_SEARCH_PATHS = (
					"$(inherited)",
					"@executable_path/Frameworks",
				);
				PRODUCT_BUNDLE_IDENTIFIER = com.fabincrm.state;
				PRODUCT_NAME = State;
				SDKROOT = iphoneos;
				SUPPORTS_MACCATALYST = NO;
				TARGETED_DEVICE_FAMILY = "1,2";
			};
			name = Release;
		};
		43D795776A0E672EA7F9F253 /* Debug */ = {
			isa = XCBuildConfiguration;
			buildSettings = {
				ASSETCATALOG_COMPILER_APPICON_NAME = AppIcon;
				CODE_SIGN_ENTITLEMENTS = State/Supporting/StateDebug.entitlements;
				CODE_SIGN_IDENTITY = "iPhone Developer";
				INFOPLIST_FILE = State/Supporting/Info.plist;
				LD_RUNPATH_SEARCH_PATHS = (
					"$(inherited)",
					"@executable_path/Frameworks",
				);
				PRODUCT_BUNDLE_IDENTIFIER = com.fabincrm.state;
				PRODUCT_NAME = State;
				SDKROOT = iphoneos;
				SUPPORTS_MACCATALYST = NO;
				TARGETED_DEVICE_FAMILY = "1,2";
			};
			name = Debug;
		};
		57B149A920C5868ABD427097 /* Release */ = {
			isa = XCBuildConfiguration;
			buildSettings = {
				BUNDLE_LOADER = "$(TEST_HOST)";
				GENERATE_INFOPLIST_FILE = YES;
				LD_RUNPATH_SEARCH_PATHS = (
					"$(inherited)",
					"@executable_path/Frameworks",
					"@loader_path/Frameworks",
				);
				PRODUCT_BUNDLE_IDENTIFIER = com.fabincrm.state.uitests;
				SDKROOT = iphoneos;
				TARGETED_DEVICE_FAMILY = "1,2";
				TEST_TARGET_NAME = State;
			};
			name = Release;
		};
		72CDB6A63D2393884454F502 /* Debug */ = {
			isa = XCBuildConfiguration;
			buildSettings = {
				BUNDLE_LOADER = "$(TEST_HOST)";
				GENERATE_INFOPLIST_FILE = YES;
				LD_RUNPATH_SEARCH_PATHS = (
					"$(inherited)",
					"@executable_path/Frameworks",
					"@loader_path/Frameworks",
				);
				PRODUCT_BUNDLE_IDENTIFIER = com.fabincrm.state.tests;
				SDKROOT = iphoneos;
				TARGETED_DEVICE_FAMILY = "1,2";
				TEST_HOST = "$(BUILT_PRODUCTS_DIR)/State.app/$(BUNDLE_EXECUTABLE_FOLDER_PATH)/State";
			};
			name = Debug;
		};
		B0DFAAC2F4B242C928C54902 /* Release */ = {
			isa = XCBuildConfiguration;
			buildSettings = {
				BUNDLE_LOADER = "$(TEST_HOST)";
				GENERATE_INFOPLIST_FILE = YES;
				LD_RUNPATH_SEARCH_PATHS = (
					"$(inherited)",
					"@executable_path/Frameworks",
					"@loader_path/Frameworks",
				);
				PRODUCT_BUNDLE_IDENTIFIER = com.fabincrm.state.tests;
				SDKROOT = iphoneos;
				TARGETED_DEVICE_FAMILY = "1,2";
				TEST_HOST = "$(BUILT_PRODUCTS_DIR)/State.app/$(BUNDLE_EXECUTABLE_FOLDER_PATH)/State";
			};
			name = Release;
		};
		D4F68CB28914403090928C0D /* Release */ = {
			isa = XCBuildConfiguration;
			buildSettings = {
				APPLICATION_EXTENSION_API_ONLY = YES;
				CODE_SIGN_ENTITLEMENTS = StateNotificationService/Supporting/StateNotificationService.entitlements;
				INFOPLIST_FILE = StateNotificationService/Supporting/Info.plist;
				LD_RUNPATH_SEARCH_PATHS = (
					"$(inherited)",
					"@executable_path/Frameworks",
					"@executable_path/../../Frameworks",
				);
				PRODUCT_BUNDLE_IDENTIFIER = com.fabincrm.state.notificationservice;
				SDKROOT = iphoneos;
				SKIP_INSTALL = YES;
				TARGETED_DEVICE_FAMILY = "1,2";
			};
			name = Release;
		};
		E75F2209172D273C22789E7F /* Debug */ = {
			isa = XCBuildConfiguration;
			buildSettings = {
				BUNDLE_LOADER = "$(TEST_HOST)";
				GENERATE_INFOPLIST_FILE = YES;
				LD_RUNPATH_SEARCH_PATHS = (
					"$(inherited)",
					"@executable_path/Frameworks",
					"@loader_path/Frameworks",
				);
				PRODUCT_BUNDLE_IDENTIFIER = com.fabincrm.state.uitests;
				SDKROOT = iphoneos;
				TARGETED_DEVICE_FAMILY = "1,2";
				TEST_TARGET_NAME = State;
			};
			name = Debug;
		};
		ED99CD24BA6A1329F258B2B4 /* Release */ = {
			isa = XCBuildConfiguration;
			buildSettings = {
				ALWAYS_SEARCH_USER_PATHS = NO;
				CLANG_ANALYZER_NONNULL = YES;
				CLANG_ANALYZER_NUMBER_OBJECT_CONVERSION = YES_AGGRESSIVE;
				CLANG_CXX_LANGUAGE_STANDARD = "gnu++14";
				CLANG_CXX_LIBRARY = "libc++";
				CLANG_ENABLE_MODULES = YES;
				CLANG_ENABLE_OBJC_ARC = YES;
				CLANG_ENABLE_OBJC_WEAK = YES;
				CLANG_WARN_BLOCK_CAPTURE_AUTORELEASING = YES;
				CLANG_WARN_BOOL_CONVERSION = YES;
				CLANG_WARN_COMMA = YES;
				CLANG_WARN_CONSTANT_CONVERSION = YES;
				CLANG_WARN_DEPRECATED_OBJC_IMPLEMENTATIONS = YES;
				CLANG_WARN_DIRECT_OBJC_ISA_USAGE = YES_ERROR;
				CLANG_WARN_DOCUMENTATION_COMMENTS = YES;
				CLANG_WARN_EMPTY_BODY = YES;
				CLANG_WARN_ENUM_CONVERSION = YES;
				CLANG_WARN_INFINITE_RECURSION = YES;
				CLANG_WARN_INT_CONVERSION = YES;
				CLANG_WARN_NON_LITERAL_NULL_CONVERSION = YES;
				CLANG_WARN_OBJC_IMPLICIT_RETAIN_SELF = YES;
				CLANG_WARN_OBJC_LITERAL_CONVERSION = YES;
				CLANG_WARN_OBJC_ROOT_CLASS = YES_ERROR;
				CLANG_WARN_QUOTED_INCLUDE_IN_FRAMEWORK_HEADER = YES;
				CLANG_WARN_RANGE_LOOP_ANALYSIS = YES;
				CLANG_WARN_STRICT_PROTOTYPES = YES;
				CLANG_WARN_SUSPICIOUS_MOVE = YES;
				CLANG_WARN_UNGUARDED_AVAILABILITY = YES_AGGRESSIVE;
				CLANG_WARN_UNREACHABLE_CODE = YES;
				CLANG_WARN__DUPLICATE_METHOD_MATCH = YES;
				COPY_PHASE_STRIP = NO;
				CURRENT_PROJECT_VERSION = 1;
				DEBUG_INFORMATION_FORMAT = "dwarf-with-dsym";
				DEVELOPMENT_TEAM = 5DKU7FFK4X;
				ENABLE_NS_ASSERTIONS = NO;
				ENABLE_STRICT_OBJC_MSGSEND = YES;
				ENABLE_USER_SCRIPT_SANDBOXING = YES;
				GCC_C_LANGUAGE_STANDARD = gnu11;
				GCC_NO_COMMON_BLOCKS = YES;
				GCC_WARN_64_TO_32_BIT_CONVERSION = YES;
				GCC_WARN_ABOUT_RETURN_TYPE = YES_ERROR;
				GCC_WARN_UNDECLARED_SELECTOR = YES;
				GCC_WARN_UNINITIALIZED_AUTOS = YES_AGGRESSIVE;
				GCC_WARN_UNUSED_FUNCTION = YES;
				GCC_WARN_UNUSED_VARIABLE = YES;
				GENERATE_INFOPLIST_FILE = NO;
				IPHONEOS_DEPLOYMENT_TARGET = 18.0;
				MARKETING_VERSION = 1.0.0;
				MTL_ENABLE_DEBUG_INFO = NO;
				MTL_FAST_MATH = YES;
				PRODUCT_NAME = "$(TARGET_NAME)";
				SDKROOT = iphoneos;
				SWIFT_COMPILATION_MODE = wholemodule;
				SWIFT_OPTIMIZATION_LEVEL = "-O";
				SWIFT_STRICT_CONCURRENCY = complete;
				SWIFT_VERSION = 6.0;
			};
			name = Release;
		};
		F01504F73D628DF6A916BEE7 /* Debug */ = {
			isa = XCBuildConfiguration;
			buildSettings = {
				APPLICATION_EXTENSION_API_ONLY = YES;
				CODE_SIGN_ENTITLEMENTS = StateNotificationService/Supporting/StateNotificationService.entitlements;
				INFOPLIST_FILE = StateNotificationService/Supporting/Info.plist;
				LD_RUNPATH_SEARCH_PATHS = (
					"$(inherited)",
					"@executable_path/Frameworks",
					"@executable_path/../../Frameworks",
				);
				PRODUCT_BUNDLE_IDENTIFIER = com.fabincrm.state.notificationservice;
				SDKROOT = iphoneos;
				SKIP_INSTALL = YES;
				TARGETED_DEVICE_FAMILY = "1,2";
			};
			name = Debug;
		};
/* End XCBuildConfiguration section */

/* Begin XCConfigurationList section */
		0AF006034B289407D4DC4373 /* Build configuration list for PBXNativeTarget "StateTests" */ = {
			isa = XCConfigurationList;
			buildConfigurations = (
				72CDB6A63D2393884454F502 /* Debug */,
				B0DFAAC2F4B242C928C54902 /* Release */,
			);
			defaultConfigurationIsVisible = 0;
			defaultConfigurationName = Debug;
		};
		8688554EB47C88464FF184D6 /* Build configuration list for PBXNativeTarget "StateNotificationService" */ = {
			isa = XCConfigurationList;
			buildConfigurations = (
				F01504F73D628DF6A916BEE7 /* Debug */,
				D4F68CB28914403090928C0D /* Release */,
			);
			defaultConfigurationIsVisible = 0;
			defaultConfigurationName = Debug;
		};
		CC5DAAA638E41899E20D5ACF /* Build configuration list for PBXNativeTarget "StateUITests" */ = {
			isa = XCConfigurationList;
			buildConfigurations = (
				E75F2209172D273C22789E7F /* Debug */,
				57B149A920C5868ABD427097 /* Release */,
			);
			defaultConfigurationIsVisible = 0;
			defaultConfigurationName = Debug;
		};
		CEAC81C3116B0AC5237A617C /* Build configuration list for PBXProject "State" */ = {
			isa = XCConfigurationList;
			buildConfigurations = (
				0F5A3902B71242DB0DC63710 /* Debug */,
				ED99CD24BA6A1329F258B2B4 /* Release */,
			);
			defaultConfigurationIsVisible = 0;
			defaultConfigurationName = Debug;
		};
		D7490C21C1E4F5E10A5BBDA7 /* Build configuration list for PBXNativeTarget "State" */ = {
			isa = XCConfigurationList;
			buildConfigurations = (
				43D795776A0E672EA7F9F253 /* Debug */,
				40FD3A1DDBDB34EE2D5B6B18 /* Release */,
			);
			defaultConfigurationIsVisible = 0;
			defaultConfigurationName = Debug;
		};
/* End XCConfigurationList section */

/* Begin XCRemoteSwiftPackageReference section */
		DDBDEDB0262899E351BAD40A /* XCRemoteSwiftPackageReference "GRDB.swift" */ = {
			isa = XCRemoteSwiftPackageReference;
			repositoryURL = "https://github.com/groue/GRDB.swift.git";
			requirement = {
				kind = exactVersion;
				version = 7.10.0;
			};
		};
/* End XCRemoteSwiftPackageReference section */

/* Begin XCSwiftPackageProductDependency section */
		306A7C2E5B307C14A82FC318 /* GRDB */ = {
			isa = XCSwiftPackageProductDependency;
			package = DDBDEDB0262899E351BAD40A /* XCRemoteSwiftPackageReference "GRDB.swift" */;
			productName = GRDB;
		};
		78A5CF91662D6EEDD28F9B1E /* GRDB */ = {
			isa = XCSwiftPackageProductDependency;
			package = DDBDEDB0262899E351BAD40A /* XCRemoteSwiftPackageReference "GRDB.swift" */;
			productName = GRDB;
		};
/* End XCSwiftPackageProductDependency section */
	};
	rootObject = AC3EFDC2F8ABFB2ECAA5ED89 /* Project object */;
}
